
Microsoft Visual Studio Solution File, Format Version 12.00
# Visual Studio Version 17
VisualStudioVersion = 17.5.002.0
MinimumVisualStudioVersion = 10.0.40219.1
Project("{9A19103F-16F7-4668-BE54-9A1E7A4F7556}") = "DesafioPOO", "DesafioPOO.csproj", "{A710E660-EF18-4CB4-8A0D-14F4340AB76A}"
EndProject
Global
	GlobalSection(SolutionConfigurationPlatforms) = preSolution
		Debug|Any CPU = Debug|Any CPU
		Release|Any CPU = Release|Any CPU
	EndGlobalSection
	GlobalSection(ProjectConfigurationPlatforms) = postSolution
		{A710E660-EF18-4CB4-8A0D-14F4340AB76A}.Debug|Any CPU.ActiveCfg = Debug|Any CPU
		{A710E660-EF18-4CB4-8A0D-14F4340AB76A}.Debug|Any CPU.Build.0 = Debug|Any CPU
		{A710E660-EF18-4CB4-8A0D-14F4340AB76A}.Release|Any CPU.ActiveCfg = Release|Any CPU
		{A710E660-EF18-4CB4-8A0D-14F4340AB76A}.Release|Any CPU.Build.0 = Release|Any CPU
	EndGlobalSection
	GlobalSection(SolutionProperties) = preSolution
		HideSolutionNode = FALSE
	EndGlobalSection
	GlobalSection(ExtensibilityGlobals) = postSolution
		SolutionGuid = {C239E752-98A6-46DE-82F8-1495EB557DB2}
	EndGlobalSection
EndGlobal
